
Microsoft Visual Studio Solution File, Format Version 12.00
# Visual Studio Version 16
VisualStudioVersion = 16.0.30320.27
MinimumVisualStudioVersion = 10.0.40219.1
Project("{9A19103F-16F7-4668-BE54-9A1E7A4F7556}") = "gpti", "gpti\gpti.csproj", "{6BF2175F-058F-4601-B8BA-E44090A49454}"
EndProject
Global
	GlobalSection(SolutionConfigurationPlatforms) = preSolution
		Debug|Any CPU = Debug|Any CPU
		Release|Any CPU = Release|Any CPU
	EndGlobalSection
	GlobalSection(ProjectConfigurationPlatforms) = postSolution
		{6BF2175F-058F-4601-B8BA-E44090A49454}.Debug|Any CPU.ActiveCfg = Debug|Any CPU
		{6BF2175F-058F-4601-B8BA-E44090A49454}.Debug|Any CPU.Build.0 = Debug|Any CPU
		{6BF2175F-058F-4601-B8BA-E44090A49454}.Release|Any CPU.ActiveCfg = Release|Any CPU
		{6BF2175F-058F-4601-B8BA-E44090A49454}.Release|Any CPU.Build.0 = Release|Any CPU
	EndGlobalSection
	GlobalSection(SolutionProperties) = preSolution
		HideSolutionNode = FALSE
	EndGlobalSection
	GlobalSection(ExtensibilityGlobals) = postSolution
		SolutionGuid = {C0224BE3-1217-41EC-AB94-010F56D6D1D5}
	EndGlobalSection
EndGlobal
